
Microsoft Visual Studio Solution File, Format Version 12.00
# Visual Studio Version 17
VisualStudioVersion = 17.4.33213.308
MinimumVisualStudioVersion = 10.0.40219.1
Project("{FAE04EC0-301F-11D3-BF4B-00C04F79EFBC}") = "Jednostavna legitimacija", "Jednostavna legitimacija\Jednostavna legitimacija.csproj", "{306BFE88-A64C-4F68-B814-53DB6535841C}"
EndProject
Global
	GlobalSection(SolutionConfigurationPlatforms) = preSolution
		Debug|Any CPU = Debug|Any CPU
		Release|Any CPU = Release|Any CPU
	EndGlobalSection
	GlobalSection(ProjectConfigurationPlatforms) = postSolution
		{306BFE88-A64C-4F68-B814-53DB6535841C}.Debug|Any CPU.ActiveCfg = Debug|Any CPU
		{306BFE88-A64C-4F68-B814-53DB6535841C}.Debug|Any CPU.Build.0 = Debug|Any CPU
		{306BFE88-A64C-4F68-B814-53DB6535841C}.Release|Any CPU.ActiveCfg = Release|Any CPU
		{306BFE88-A64C-4F68-B814-53DB6535841C}.Release|Any CPU.Build.0 = Release|Any CPU
	EndGlobalSection
	GlobalSection(SolutionProperties) = preSolution
		HideSolutionNode = FALSE
	EndGlobalSection
	GlobalSection(ExtensibilityGlobals) = postSolution
		SolutionGuid = {46D2EBAF-7DE2-4915-930C-099932956676}
	EndGlobalSection
EndGlobal
